
Microsoft Visual Studio Solution File, Format Version 12.00
# Visual Studio 15
Project("{FAE04EC0-301F-11D3-BF4B-00C04F79EFBC}") = "Assembly-CSharp", "Assembly-CSharp.csproj", "{35BC4AB0-1B6F-E690-68A5-3E92C91B61BD}"
EndProject
Project("{FAE04EC0-301F-11D3-BF4B-00C04F79EFBC}") = "Sirenix.OdinInspector.CompatibilityLayer", "Sirenix.OdinInspector.CompatibilityLayer.csproj", "{A60B9663-93EF-1640-9758-6686416A8B99}"
EndProject
Project("{FAE04EC0-301F-11D3-BF4B-00C04F79EFBC}") = "Assembly-CSharp-firstpass", "Assembly-CSharp-firstpass.csproj", "{5F27BF00-98CF-42AC-93E9-CA71E7913D31}"
EndProject
Project("{FAE04EC0-301F-11D3-BF4B-00C04F79EFBC}") = "Sirenix.OdinInspector.CompatibilityLayer.Editor", "Sirenix.OdinInspector.CompatibilityLayer.Editor.csproj", "{961B7793-890F-E45E-DFFC-03FF3DE92D60}"
EndProject
Project("{FAE04EC0-301F-11D3-BF4B-00C04F79EFBC}") = "Assembly-CSharp-Editor", "Assembly-CSharp-Editor.csproj", "{5E206AE9-8B0A-2C9B-A158-0F6E3CD71F8B}"
EndProject
Global
	GlobalSection(SolutionConfigurationPlatforms) = preSolution
		Debug|Any CPU = Debug|Any CPU
		Release|Any CPU = Release|Any CPU
	EndGlobalSection
	GlobalSection(ProjectConfigurationPlatforms) = postSolution
		{35BC4AB0-1B6F-E690-68A5-3E92C91B61BD}.Debug|Any CPU.ActiveCfg = Debug|Any CPU
		{35BC4AB0-1B6F-E690-68A5-3E92C91B61BD}.Debug|Any CPU.Build.0 = Debug|Any CPU
		{35BC4AB0-1B6F-E690-68A5-3E92C91B61BD}.Release|Any CPU.ActiveCfg = Release|Any CPU
		{35BC4AB0-1B6F-E690-68A5-3E92C91B61BD}.Release|Any CPU.Build.0 = Release|Any CPU
		{A60B9663-93EF-1640-9758-6686416A8B99}.Debug|Any CPU.ActiveCfg = Debug|Any CPU
		{A60B9663-93EF-1640-9758-6686416A8B99}.Debug|Any CPU.Build.0 = Debug|Any CPU
		{A60B9663-93EF-1640-9758-6686416A8B99}.Release|Any CPU.ActiveCfg = Release|Any CPU
		{A60B9663-93EF-1640-9758-6686416A8B99}.Release|Any CPU.Build.0 = Release|Any CPU
		{5F27BF00-98CF-42AC-93E9-CA71E7913D31}.Debug|Any CPU.ActiveCfg = Debug|Any CPU
		{5F27BF00-98CF-42AC-93E9-CA71E7913D31}.Debug|Any CPU.Build.0 = Debug|Any CPU
		{5F27BF00-98CF-42AC-93E9-CA71E7913D31}.Release|Any CPU.ActiveCfg = Release|Any CPU
		{5F27BF00-98CF-42AC-93E9-CA71E7913D31}.Release|Any CPU.Build.0 = Release|Any CPU
		{961B7793-890F-E45E-DFFC-03FF3DE92D60}.Debug|Any CPU.ActiveCfg = Debug|Any CPU
		{961B7793-890F-E45E-DFFC-03FF3DE92D60}.Debug|Any CPU.Build.0 = Debug|Any CPU
		{961B7793-890F-E45E-DFFC-03FF3DE92D60}.Release|Any CPU.ActiveCfg = Release|Any CPU
		{961B7793-890F-E45E-DFFC-03FF3DE92D60}.Release|Any CPU.Build.0 = Release|Any CPU
		{5E206AE9-8B0A-2C9B-A158-0F6E3CD71F8B}.Debug|Any CPU.ActiveCfg = Debug|Any CPU
		{5E206AE9-8B0A-2C9B-A158-0F6E3CD71F8B}.Debug|Any CPU.Build.0 = Debug|Any CPU
		{5E206AE9-8B0A-2C9B-A158-0F6E3CD71F8B}.Release|Any CPU.ActiveCfg = Release|Any CPU
		{5E206AE9-8B0A-2C9B-A158-0F6E3CD71F8B}.Release|Any CPU.Build.0 = Release|Any CPU
	EndGlobalSection
	GlobalSection(SolutionProperties) = preSolution
		HideSolutionNode = FALSE
	EndGlobalSection
EndGlobal
